
Microsoft Visual Studio Solution File, Format Version 12.00
# Visual Studio Version 16
VisualStudioVersion = 16.0.32228.343
MinimumVisualStudioVersion = 10.0.40219.1
Project("{FAE04EC0-301F-11D3-BF4B-00C04F79EFBC}") = "cwiczenie6", "cwiczenie6.csproj", "{FFE5A546-01CF-4301-8E0E-208CB3FB4407}"
EndProject
Global
	GlobalSection(SolutionConfigurationPlatforms) = preSolution
		Debug|Any CPU = Debug|Any CPU
		Release|Any CPU = Release|Any CPU
	EndGlobalSection
	GlobalSection(ProjectConfigurationPlatforms) = postSolution
		{FFE5A546-01CF-4301-8E0E-208CB3FB4407}.Debug|Any CPU.ActiveCfg = Debug|Any CPU
		{FFE5A546-01CF-4301-8E0E-208CB3FB4407}.Debug|Any CPU.Build.0 = Debug|Any CPU
		{FFE5A546-01CF-4301-8E0E-208CB3FB4407}.Release|Any CPU.ActiveCfg = Release|Any CPU
		{FFE5A546-01CF-4301-8E0E-208CB3FB4407}.Release|Any CPU.Build.0 = Release|Any CPU
	EndGlobalSection
	GlobalSection(SolutionProperties) = preSolution
		HideSolutionNode = FALSE
	EndGlobalSection
	GlobalSection(ExtensibilityGlobals) = postSolution
		SolutionGuid = {7B12EC14-A21F-42D5-A2F1-2C4D4709EF30}
	EndGlobalSection
EndGlobal
