
Microsoft Visual Studio Solution File, Format Version 12.00
# Visual Studio Version 16
VisualStudioVersion = 16.0.32228.343
MinimumVisualStudioVersion = 10.0.40219.1
Project("{FAE04EC0-301F-11D3-BF4B-00C04F79EFBC}") = "Cwiczenia5", "Cwiczenia5.csproj", "{65F7606D-F9F0-4D5B-9859-3E848DE0BC75}"
EndProject
Global
	GlobalSection(SolutionConfigurationPlatforms) = preSolution
		Debug|Any CPU = Debug|Any CPU
		Release|Any CPU = Release|Any CPU
	EndGlobalSection
	GlobalSection(ProjectConfigurationPlatforms) = postSolution
		{65F7606D-F9F0-4D5B-9859-3E848DE0BC75}.Debug|Any CPU.ActiveCfg = Debug|Any CPU
		{65F7606D-F9F0-4D5B-9859-3E848DE0BC75}.Debug|Any CPU.Build.0 = Debug|Any CPU
		{65F7606D-F9F0-4D5B-9859-3E848DE0BC75}.Release|Any CPU.ActiveCfg = Release|Any CPU
		{65F7606D-F9F0-4D5B-9859-3E848DE0BC75}.Release|Any CPU.Build.0 = Release|Any CPU
	EndGlobalSection
	GlobalSection(SolutionProperties) = preSolution
		HideSolutionNode = FALSE
	EndGlobalSection
	GlobalSection(ExtensibilityGlobals) = postSolution
		SolutionGuid = {13B1135A-A0C3-493E-A1E0-21B01A1B210E}
	EndGlobalSection
EndGlobal
