
Microsoft Visual Studio Solution File, Format Version 12.00
# Visual Studio Version 16
VisualStudioVersion = 16.0.32228.343
MinimumVisualStudioVersion = 10.0.40219.1
Project("{FAE04EC0-301F-11D3-BF4B-00C04F79EFBC}") = "cwiczenia3", "cwiczenia3.csproj", "{6E67B86E-A2E9-44F4-AF9C-2A8E0D6D0497}"
EndProject
Global
	GlobalSection(SolutionConfigurationPlatforms) = preSolution
		Debug|Any CPU = Debug|Any CPU
		Release|Any CPU = Release|Any CPU
	EndGlobalSection
	GlobalSection(ProjectConfigurationPlatforms) = postSolution
		{6E67B86E-A2E9-44F4-AF9C-2A8E0D6D0497}.Debug|Any CPU.ActiveCfg = Debug|Any CPU
		{6E67B86E-A2E9-44F4-AF9C-2A8E0D6D0497}.Debug|Any CPU.Build.0 = Debug|Any CPU
		{6E67B86E-A2E9-44F4-AF9C-2A8E0D6D0497}.Release|Any CPU.ActiveCfg = Release|Any CPU
		{6E67B86E-A2E9-44F4-AF9C-2A8E0D6D0497}.Release|Any CPU.Build.0 = Release|Any CPU
	EndGlobalSection
	GlobalSection(SolutionProperties) = preSolution
		HideSolutionNode = FALSE
	EndGlobalSection
	GlobalSection(ExtensibilityGlobals) = postSolution
		SolutionGuid = {8C06F445-DD91-420E-986F-8E778686CD05}
	EndGlobalSection
EndGlobal
